<?xml version="1.0" encoding="utf-8"?>
<Project ToolsVersion="4.0" xmlns="http://schemas.microsoft.com/developer/msbuild/2003">
  <ItemGroup>
    <Filter Include="Source Files">
      <UniqueIdentifier>{4FC737F1-C7A5-4376-A066-2A32D752A2FF}</UniqueIdentifier>
      <Extensions>cpp;c;cc;cxx;def;odl;idl;hpj;bat;asm;asmx</Extensions>
    </Filter>
    <Filter Include="Header Files">
      <UniqueIdentifier>{93995380-89BD-4b04-88EB-625FBE52EBFB}</UniqueIdentifier>
      <Extensions>h;hh;hpp;hxx;hm;inl;inc;xsd</Extensions>
    </Filter>
    <Filter Include="Resource Files">
      <UniqueIdentifier>{67DA6AB6-F800-4c08-8B7A-83BB121AAD01}</UniqueIdentifier>
      <Extensions>rc;ico;cur;bmp;dlg;rc2;rct;bin;rgs;gif;jpg;jpeg;jpe;resx;tiff;tif;png;wav;mfcribbon-ms</Extensions>
    </Filter>
    <Filter Include="Header Files\Autogenerated">
      <UniqueIdentifier>{d01af464-c7c1-4476-87dd-b8addf3dec3c}</UniqueIdentifier>
    </Filter>
    <Filter Include="Source Files\Autogenerated">
      <UniqueIdentifier>{c6ff8b1c-6858-442d-a80a-fd93c7f1e371}</UniqueIdentifier>
    </Filter>
  </ItemGroup>
  <ItemGroup>
    <ClInclude Include="ModCurrentsBase.h">
      <Filter>Header Files</Filter>
    </ClInclude>
    <ClInclude Include="AutogenCode.h">
      <Filter>Header Files</Filter>
    </ClInclude>
    <ClInclude Include="Autogenerated\AllModCurrents.h">
      <Filter>Header Files\Autogenerated</Filter>
    </ClInclude>
  </ItemGroup>
  <ItemGroup>
    <ClCompile Include="ModCurrentsBase.cpp">
      <Filter>Source Files</Filter>
    </ClCompile>
    <ClCompile Include="ModTranslatorTest.cpp">
      <Filter>Source Files</Filter>
    </ClCompile>
    <ClCompile Include="AutogenCode.cpp">
      <Filter>Source Files</Filter>
    </ClCompile>
    <ClCompile Include="Autogenerated\AllModCurrents.cpp">
      <Filter>Source Files\Autogenerated</Filter>
    </ClCompile>
  </ItemGroup>
</Project>